
Microsoft Visual Studio Solution File, Format Version 12.00
# Visual Studio 2013
VisualStudioVersion = 12.0.21005.1
MinimumVisualStudioVersion = 10.0.40219.1
Project("{FAE04EC0-301F-11D3-BF4B-00C04F79EFBC}") = "BrainFuckInterpreter", "BrainFuckInterpreter\BrainFuckInterpreter.csproj", "{F2689E09-3FEF-4DCB-AAB6-FBAA8FE489B1}"
EndProject
Project("{FAE04EC0-301F-11D3-BF4B-00C04F79EFBC}") = "BrainFuck", "BrainFuck\BrainFuck.csproj", "{08E647A0-246F-424D-AFF1-1C80C81F5139}"
EndProject
Global
	GlobalSection(SolutionConfigurationPlatforms) = preSolution
		Debug|Any CPU = Debug|Any CPU
		Release|Any CPU = Release|Any CPU
	EndGlobalSection
	GlobalSection(ProjectConfigurationPlatforms) = postSolution
		{F2689E09-3FEF-4DCB-AAB6-FBAA8FE489B1}.Debug|Any CPU.ActiveCfg = Debug|Any CPU
		{F2689E09-3FEF-4DCB-AAB6-FBAA8FE489B1}.Debug|Any CPU.Build.0 = Debug|Any CPU
		{F2689E09-3FEF-4DCB-AAB6-FBAA8FE489B1}.Release|Any CPU.ActiveCfg = Release|Any CPU
		{F2689E09-3FEF-4DCB-AAB6-FBAA8FE489B1}.Release|Any CPU.Build.0 = Release|Any CPU
		{08E647A0-246F-424D-AFF1-1C80C81F5139}.Debug|Any CPU.ActiveCfg = Debug|Any CPU
		{08E647A0-246F-424D-AFF1-1C80C81F5139}.Debug|Any CPU.Build.0 = Debug|Any CPU
		{08E647A0-246F-424D-AFF1-1C80C81F5139}.Release|Any CPU.ActiveCfg = Release|Any CPU
		{08E647A0-246F-424D-AFF1-1C80C81F5139}.Release|Any CPU.Build.0 = Release|Any CPU
	EndGlobalSection
	GlobalSection(SolutionProperties) = preSolution
		HideSolutionNode = FALSE
	EndGlobalSection
EndGlobal
